
Microsoft Visual Studio Solution File, Format Version 12.00
Project("{FAE04EC0-301F-11D3-BF4B-00C04F79EFBC}") = "ModrinthSharp", "ModrinthSharp.csproj", "{5D35A094-2B6D-4580-B78C-305BD25DB257}"
EndProject
Global
	GlobalSection(SolutionConfigurationPlatforms) = preSolution
		Debug|Any CPU = Debug|Any CPU
		Release|Any CPU = Release|Any CPU
	EndGlobalSection
	GlobalSection(ProjectConfigurationPlatforms) = postSolution
		{5D35A094-2B6D-4580-B78C-305BD25DB257}.Debug|Any CPU.ActiveCfg = Debug|Any CPU
		{5D35A094-2B6D-4580-B78C-305BD25DB257}.Debug|Any CPU.Build.0 = Debug|Any CPU
		{5D35A094-2B6D-4580-B78C-305BD25DB257}.Release|Any CPU.ActiveCfg = Release|Any CPU
		{5D35A094-2B6D-4580-B78C-305BD25DB257}.Release|Any CPU.Build.0 = Release|Any CPU
	EndGlobalSection
EndGlobal
